// !$*UTF8*$!
{
	archiveVersion = 1;
	classes = {
	};
	objectVersion = 56;
	objects = {

/* Begin PBXBuildFile section */
		56921BFB29CAB6400020FA81 /* CourseQuery.graphql in Resources */ = {isa = PBXBuildFile; fileRef = 56921BFA29CAB6400020FA81 /* CourseQuery.graphql */; };
		56921BFE29CAB7310020FA81 /* schema.json in Resources */ = {isa = PBXBuildFile; fileRef = 56921BFD29CAB7310020FA81 /* schema.json */; };
		F008347F29CBA76400D4B889 /* API.swift in Sources */ = {isa = PBXBuildFile; fileRef = F008347E29CBA76400D4B889 /* API.swift */; };
		F008348229CBA7F400D4B889 /* Network.swift in Sources */ = {isa = PBXBuildFile; fileRef = F008348129CBA7F400D4B889 /* Network.swift */; };
		F008348629CBA89700D4B889 /* CourseViewModel.swift in Sources */ = {isa = PBXBuildFile; fileRef = F008348529CBA89700D4B889 /* CourseViewModel.swift */; };
		F008348829CBAB9200D4B889 /* CourseModel.swift in Sources */ = {isa = PBXBuildFile; fileRef = F008348729CBAB9200D4B889 /* CourseModel.swift */; };
		F0DC60EC29CA467000FCB333 /* RickAndMortyAppApp.swift in Sources */ = {isa = PBXBuildFile; fileRef = F0DC60EB29CA467000FCB333 /* RickAndMortyAppApp.swift */; };
		F0DC60EE29CA467000FCB333 /* ContentView.swift in Sources */ = {isa = PBXBuildFile; fileRef = F0DC60ED29CA467000FCB333 /* ContentView.swift */; };
		F0DC60F029CA467200FCB333 /* Assets.xcassets in Resources */ = {isa = PBXBuildFile; fileRef = F0DC60EF29CA467200FCB333 /* Assets.xcassets */; };
		F0DC60F329CA467200FCB333 /* Preview Assets.xcassets in Resources */ = {isa = PBXBuildFile; fileRef = F0DC60F229CA467200FCB333 /* Preview Assets.xcassets */; };
		F0DC610B29CA504300FCB333 /* DataTitle.swift in Sources */ = {isa = PBXBuildFile; fileRef = F0DC610A29CA504300FCB333 /* DataTitle.swift */; };
		F0DC610D29CA522A00FCB333 /* HomeView.swift in Sources */ = {isa = PBXBuildFile; fileRef = F0DC610C29CA522A00FCB333 /* HomeView.swift */; };
		F0DC610F29CA529300FCB333 /* FeaturedCourseCard.swift in Sources */ = {isa = PBXBuildFile; fileRef = F0DC610E29CA529300FCB333 /* FeaturedCourseCard.swift */; };
		F0DC611229CA574000FCB333 /* FeaturedCourseList.swift in Sources */ = {isa = PBXBuildFile; fileRef = F0DC611129CA574000FCB333 /* FeaturedCourseList.swift */; };
		F0DC611429CA587500FCB333 /* CourseCard.swift in Sources */ = {isa = PBXBuildFile; fileRef = F0DC611329CA587500FCB333 /* CourseCard.swift */; };
		F0DC611629CA5A3F00FCB333 /* CourseList.swift in Sources */ = {isa = PBXBuildFile; fileRef = F0DC611529CA5A3F00FCB333 /* CourseList.swift */; };
		F0DC611929CA5C5900FCB333 /* Apollo in Frameworks */ = {isa = PBXBuildFile; productRef = F0DC611829CA5C5900FCB333 /* Apollo */; };
/* End PBXBuildFile section */

/* Begin PBXFileReference section */
		56921BFA29CAB6400020FA81 /* CourseQuery.graphql */ = {isa = PBXFileReference; lastKnownFileType = text; path = CourseQuery.graphql; sourceTree = "<group>"; };
		56921BFD29CAB7310020FA81 /* schema.json */ = {isa = PBXFileReference; fileEncoding = 4; lastKnownFileType = text.json; path = schema.json; sourceTree = "<group>"; };
		F008347E29CBA76400D4B889 /* API.swift */ = {isa = PBXFileReference; fileEncoding = 4; lastKnownFileType = sourcecode.swift; path = API.swift; sourceTree = "<group>"; };
		F008348129CBA7F400D4B889 /* Network.swift */ = {isa = PBXFileReference; lastKnownFileType = sourcecode.swift; path = Network.swift; sourceTree = "<group>"; };
		F008348529CBA89700D4B889 /* CourseViewModel.swift */ = {isa = PBXFileReference; lastKnownFileType = sourcecode.swift; path = CourseViewModel.swift; sourceTree = "<group>"; };
		F008348729CBAB9200D4B889 /* CourseModel.swift */ = {isa = PBXFileReference; lastKnownFileType = sourcecode.swift; path = CourseModel.swift; sourceTree = "<group>"; };
		F0DC60E829CA467000FCB333 /* RickAndMortyApp.app */ = {isa = PBXFileReference; explicitFileType = wrapper.application; includeInIndex = 0; path = RickAndMortyApp.app; sourceTree = BUILT_PRODUCTS_DIR; };
		F0DC60EB29CA467000FCB333 /* RickAndMortyAppApp.swift */ = {isa = PBXFileReference; lastKnownFileType = sourcecode.swift; path = RickAndMortyAppApp.swift; sourceTree = "<group>"; };
		F0DC60ED29CA467000FCB333 /* ContentView.swift */ = {isa = PBXFileReference; lastKnownFileType = sourcecode.swift; path = ContentView.swift; sourceTree = "<group>"; };
		F0DC60EF29CA467200FCB333 /* Assets.xcassets */ = {isa = PBXFileReference; lastKnownFileType = folder.assetcatalog; path = Assets.xcassets; sourceTree = "<group>"; };
		F0DC60F229CA467200FCB333 /* Preview Assets.xcassets */ = {isa = PBXFileReference; lastKnownFileType = folder.assetcatalog; path = "Preview Assets.xcassets"; sourceTree = "<group>"; };
		F0DC610A29CA504300FCB333 /* DataTitle.swift */ = {isa = PBXFileReference; lastKnownFileType = sourcecode.swift; path = DataTitle.swift; sourceTree = "<group>"; };
		F0DC610C29CA522A00FCB333 /* HomeView.swift */ = {isa = PBXFileReference; lastKnownFileType = sourcecode.swift; path = HomeView.swift; sourceTree = "<group>"; };
		F0DC610E29CA529300FCB333 /* FeaturedCourseCard.swift */ = {isa = PBXFileReference; lastKnownFileType = sourcecode.swift; path = FeaturedCourseCard.swift; sourceTree = "<group>"; };
		F0DC611129CA574000FCB333 /* FeaturedCourseList.swift */ = {isa = PBXFileReference; lastKnownFileType = sourcecode.swift; path = FeaturedCourseList.swift; sourceTree = "<group>"; };
		F0DC611329CA587500FCB333 /* CourseCard.swift */ = {isa = PBXFileReference; lastKnownFileType = sourcecode.swift; path = CourseCard.swift; sourceTree = "<group>"; };
		F0DC611529CA5A3F00FCB333 /* CourseList.swift */ = {isa = PBXFileReference; lastKnownFileType = sourcecode.swift; path = CourseList.swift; sourceTree = "<group>"; };
/* End PBXFileReference section */

/* Begin PBXFrameworksBuildPhase section */
		F0DC60E529CA467000FCB333 /* Frameworks */ = {
			isa = PBXFrameworksBuildPhase;
			buildActionMask = 2147483647;
			files = (
				F0DC611929CA5C5900FCB333 /* Apollo in Frameworks */,
			);
			runOnlyForDeploymentPostprocessing = 0;
		};
/* End PBXFrameworksBuildPhase section */

/* Begin PBXGroup section */
		F008348029CBA7E700D4B889 /* Network */ = {
			isa = PBXGroup;
			children = (
				F008348129CBA7F400D4B889 /* Network.swift */,
			);
			path = Network;
			sourceTree = "<group>";
		};
		F008348329CBA88200D4B889 /* Course */ = {
			isa = PBXGroup;
			children = (
				F008348529CBA89700D4B889 /* CourseViewModel.swift */,
				F008348729CBAB9200D4B889 /* CourseModel.swift */,
			);
			path = Course;
			sourceTree = "<group>";
		};
		F0DC60DF29CA467000FCB333 = {
			isa = PBXGroup;
			children = (
				F0DC60EA29CA467000FCB333 /* RickAndMortyApp */,
				F0DC60E929CA467000FCB333 /* Products */,
			);
			sourceTree = "<group>";
		};
		F0DC60E929CA467000FCB333 /* Products */ = {
			isa = PBXGroup;
			children = (
				F0DC60E829CA467000FCB333 /* RickAndMortyApp.app */,
			);
			name = Products;
			sourceTree = "<group>";
		};
		F0DC60EA29CA467000FCB333 /* RickAndMortyApp */ = {
			isa = PBXGroup;
			children = (
				F008348329CBA88200D4B889 /* Course */,
				F008348029CBA7E700D4B889 /* Network */,
				F008347E29CBA76400D4B889 /* API.swift */,
				56921BFA29CAB6400020FA81 /* CourseQuery.graphql */,
				56921BFD29CAB7310020FA81 /* schema.json */,
				F0DC611029CA572900FCB333 /* Components */,
				F0DC60EB29CA467000FCB333 /* RickAndMortyAppApp.swift */,
				F0DC60ED29CA467000FCB333 /* ContentView.swift */,
				F0DC610C29CA522A00FCB333 /* HomeView.swift */,
				F0DC60EF29CA467200FCB333 /* Assets.xcassets */,
				F0DC60F129CA467200FCB333 /* Preview Content */,
			);
			path = RickAndMortyApp;
			sourceTree = "<group>";
		};
		F0DC60F129CA467200FCB333 /* Preview Content */ = {
			isa = PBXGroup;
			children = (
				F0DC60F229CA467200FCB333 /* Preview Assets.xcassets */,
			);
			path = "Preview Content";
			sourceTree = "<group>";
		};
		F0DC611029CA572900FCB333 /* Components */ = {
			isa = PBXGroup;
			children = (
				F0DC610A29CA504300FCB333 /* DataTitle.swift */,
				F0DC610E29CA529300FCB333 /* FeaturedCourseCard.swift */,
				F0DC611129CA574000FCB333 /* FeaturedCourseList.swift */,
				F0DC611329CA587500FCB333 /* CourseCard.swift */,
				F0DC611529CA5A3F00FCB333 /* CourseList.swift */,
			);
			path = Components;
			sourceTree = "<group>";
		};
/* End PBXGroup section */

/* Begin PBXNativeTarget section */
		F0DC60E729CA467000FCB333 /* RickAndMortyApp */ = {
			isa = PBXNativeTarget;
			buildConfigurationList = F0DC60F629CA467200FCB333 /* Build configuration list for PBXNativeTarget "RickAndMortyApp" */;
			buildPhases = (
				56921BFC29CAB6810020FA81 /* Generate Apollo GraphQL API */,
				F0DC60E429CA467000FCB333 /* Sources */,
				F0DC60E529CA467000FCB333 /* Frameworks */,
				F0DC60E629CA467000FCB333 /* Resources */,
			);
			buildRules = (
			);
			dependencies = (
			);
			name = RickAndMortyApp;
			packageProductDependencies = (
				F0DC611829CA5C5900FCB333 /* Apollo */,
			);
			productName = RickAndMortyApp;
			productReference = F0DC60E829CA467000FCB333 /* RickAndMortyApp.app */;
			productType = "com.apple.product-type.application";
		};
/* End PBXNativeTarget section */

/* Begin PBXProject section */
		F0DC60E029CA467000FCB333 /* Project object */ = {
			isa = PBXProject;
			attributes = {
				BuildIndependentTargetsInParallel = 1;
				LastSwiftUpdateCheck = 1420;
				LastUpgradeCheck = 1420;
				TargetAttributes = {
					F0DC60E729CA467000FCB333 = {
						CreatedOnToolsVersion = 14.2;
					};
				};
			};
			buildConfigurationList = F0DC60E329CA467000FCB333 /* Build configuration list for PBXProject "RickAndMortyApp" */;
			compatibilityVersion = "Xcode 14.0";
			developmentRegion = en;
			hasScannedForEncodings = 0;
			knownRegions = (
				en,
				Base,
			);
			mainGroup = F0DC60DF29CA467000FCB333;
			packageReferences = (
				F0DC611729CA5C5900FCB333 /* XCRemoteSwiftPackageReference "apollo-ios" */,
			);
			productRefGroup = F0DC60E929CA467000FCB333 /* Products */;
			projectDirPath = "";
			projectRoot = "";
			targets = (
				F0DC60E729CA467000FCB333 /* RickAndMortyApp */,
			);
		};
/* End PBXProject section */

/* Begin PBXResourcesBuildPhase section */
		F0DC60E629CA467000FCB333 /* Resources */ = {
			isa = PBXResourcesBuildPhase;
			buildActionMask = 2147483647;
			files = (
				56921BFE29CAB7310020FA81 /* schema.json in Resources */,
				F0DC60F329CA467200FCB333 /* Preview Assets.xcassets in Resources */,
				F0DC60F029CA467200FCB333 /* Assets.xcassets in Resources */,
				56921BFB29CAB6400020FA81 /* CourseQuery.graphql in Resources */,
			);
			runOnlyForDeploymentPostprocessing = 0;
		};
/* End PBXResourcesBuildPhase section */

/* Begin PBXShellScriptBuildPhase section */
		56921BFC29CAB6810020FA81 /* Generate Apollo GraphQL API */ = {
			isa = PBXShellScriptBuildPhase;
			buildActionMask = 8;
			files = (
			);
			inputFileListPaths = (
			);
			inputPaths = (
			);
			name = "Generate Apollo GraphQL API";
			outputFileListPaths = (
			);
			outputPaths = (
			);
			runOnlyForDeploymentPostprocessing = 1;
			shellPath = /bin/sh;
			shellScript = "# Go to the build root and search up the chain to find the Derived Data Path where the source packages are checked out.\nDERIVED_DATA_CANDIDATE=\"${BUILD_ROOT}\"\n\nwhile ! [ -d \"${DERIVED_DATA_CANDIDATE}/SourcePackages\" ]; do\n  if [ \"${DERIVED_DATA_CANDIDATE}\" = / ]; then\n    echo >&2 \"error: Unable to locate SourcePackages directory from BUILD_ROOT: '${BUILD_ROOT}'\"\n    exit 1\n  fi\n\n  DERIVED_DATA_CANDIDATE=\"$(dirname \"${DERIVED_DATA_CANDIDATE}\")\"\ndone\n\n# Grab a reference to the directory where scripts are checked out\nSCRIPT_PATH=\"${DERIVED_DATA_CANDIDATE}/SourcePackages/checkouts/apollo-ios/scripts\"\n\nif [ -z \"${SCRIPT_PATH}\" ]; then\n    echo >&2 \"error: Couldn't find the CLI script in your checked out SPM packages; make sure to add the framework to your project.\"\n    exit 1\nfi\n\ncd \"${SRCROOT}/${TARGET_NAME}\"\n\"${SCRIPT_PATH}\"/run-bundled-codegen.sh codegen:generate --target=swift --includes=./**/*.graphql --localSchemaFile=\"schema.json\" API.swift\n";
		};
/* End PBXShellScriptBuildPhase section */

/* Begin PBXSourcesBuildPhase section */
		F0DC60E429CA467000FCB333 /* Sources */ = {
			isa = PBXSourcesBuildPhase;
			buildActionMask = 2147483647;
			files = (
				F008348629CBA89700D4B889 /* CourseViewModel.swift in Sources */,
				F008348229CBA7F400D4B889 /* Network.swift in Sources */,
				F0DC611629CA5A3F00FCB333 /* CourseList.swift in Sources */,
				F0DC60EE29CA467000FCB333 /* ContentView.swift in Sources */,
				F0DC610D29CA522A00FCB333 /* HomeView.swift in Sources */,
				F0DC611229CA574000FCB333 /* FeaturedCourseList.swift in Sources */,
				F008348829CBAB9200D4B889 /* CourseModel.swift in Sources */,
				F0DC60EC29CA467000FCB333 /* RickAndMortyAppApp.swift in Sources */,
				F0DC611429CA587500FCB333 /* CourseCard.swift in Sources */,
				F0DC610B29CA504300FCB333 /* DataTitle.swift in Sources */,
				F008347F29CBA76400D4B889 /* API.swift in Sources */,
				F0DC610F29CA529300FCB333 /* FeaturedCourseCard.swift in Sources */,
			);
			runOnlyForDeploymentPostprocessing = 0;
		};
/* End PBXSourcesBuildPhase section */

/* Begin XCBuildConfiguration section */
		F0DC60F429CA467200FCB333 /* Debug */ = {
			isa = XCBuildConfiguration;
			buildSettings = {
				ALWAYS_SEARCH_USER_PATHS = NO;
				CLANG_ANALYZER_NONNULL = YES;
				CLANG_ANALYZER_NUMBER_OBJECT_CONVERSION = YES_AGGRESSIVE;
				CLANG_CXX_LANGUAGE_STANDARD = "gnu++20";
				CLANG_ENABLE_MODULES = YES;
				CLANG_ENABLE_OBJC_ARC = YES;
				CLANG_ENABLE_OBJC_WEAK = YES;
				CLANG_WARN_BLOCK_CAPTURE_AUTORELEASING = YES;
				CLANG_WARN_BOOL_CONVERSION = YES;
				CLANG_WARN_COMMA = YES;
				CLANG_WARN_CONSTANT_CONVERSION = YES;
				CLANG_WARN_DEPRECATED_OBJC_IMPLEMENTATIONS = YES;
				CLANG_WARN_DIRECT_OBJC_ISA_USAGE = YES_ERROR;
				CLANG_WARN_DOCUMENTATION_COMMENTS = YES;
				CLANG_WARN_EMPTY_BODY = YES;
				CLANG_WARN_ENUM_CONVERSION = YES;
				CLANG_WARN_INFINITE_RECURSION = YES;
				CLANG_WARN_INT_CONVERSION = YES;
				CLANG_WARN_NON_LITERAL_NULL_CONVERSION = YES;
				CLANG_WARN_OBJC_IMPLICIT_RETAIN_SELF = YES;
				CLANG_WARN_OBJC_LITERAL_CONVERSION = YES;
				CLANG_WARN_OBJC_ROOT_CLASS = YES_ERROR;
				CLANG_WARN_QUOTED_INCLUDE_IN_FRAMEWORK_HEADER = YES;
				CLANG_WARN_RANGE_LOOP_ANALYSIS = YES;
				CLANG_WARN_STRICT_PROTOTYPES = YES;
				CLANG_WARN_SUSPICIOUS_MOVE = YES;
				CLANG_WARN_UNGUARDED_AVAILABILITY = YES_AGGRESSIVE;
				CLANG_WARN_UNREACHABLE_CODE = YES;
				CLANG_WARN__DUPLICATE_METHOD_MATCH = YES;
				COPY_PHASE_STRIP = NO;
				DEBUG_INFORMATION_FORMAT = dwarf;
				ENABLE_STRICT_OBJC_MSGSEND = YES;
				ENABLE_TESTABILITY = YES;
				GCC_C_LANGUAGE_STANDARD = gnu11;
				GCC_DYNAMIC_NO_PIC = NO;
				GCC_NO_COMMON_BLOCKS = YES;
				GCC_OPTIMIZATION_LEVEL = 0;
				GCC_PREPROCESSOR_DEFINITIONS = (
					"DEBUG=1",
					"$(inherited)",
				);
				GCC_WARN_64_TO_32_BIT_CONVERSION = YES;
				GCC_WARN_ABOUT_RETURN_TYPE = YES_ERROR;
				GCC_WARN_UNDECLARED_SELECTOR = YES;
				GCC_WARN_UNINITIALIZED_AUTOS = YES_AGGRESSIVE;
				GCC_WARN_UNUSED_FUNCTION = YES;
				GCC_WARN_UNUSED_VARIABLE = YES;
				IPHONEOS_DEPLOYMENT_TARGET = 16.2;
				MTL_ENABLE_DEBUG_INFO = INCLUDE_SOURCE;
				MTL_FAST_MATH = YES;
				ONLY_ACTIVE_ARCH = YES;
				SDKROOT = iphoneos;
				SWIFT_ACTIVE_COMPILATION_CONDITIONS = DEBUG;
				SWIFT_OPTIMIZATION_LEVEL = "-Onone";
			};
			name = Debug;
		};
		F0DC60F529CA467200FCB333 /* Release */ = {
			isa = XCBuildConfiguration;
			buildSettings = {
				ALWAYS_SEARCH_USER_PATHS = NO;
				CLANG_ANALYZER_NONNULL = YES;
				CLANG_ANALYZER_NUMBER_OBJECT_CONVERSION = YES_AGGRESSIVE;
				CLANG_CXX_LANGUAGE_STANDARD = "gnu++20";
				CLANG_ENABLE_MODULES = YES;
				CLANG_ENABLE_OBJC_ARC = YES;
				CLANG_ENABLE_OBJC_WEAK = YES;
				CLANG_WARN_BLOCK_CAPTURE_AUTORELEASING = YES;
				CLANG_WARN_BOOL_CONVERSION = YES;
				CLANG_WARN_COMMA = YES;
				CLANG_WARN_CONSTANT_CONVERSION = YES;
				CLANG_WARN_DEPRECATED_OBJC_IMPLEMENTATIONS = YES;
				CLANG_WARN_DIRECT_OBJC_ISA_USAGE = YES_ERROR;
				CLANG_WARN_DOCUMENTATION_COMMENTS = YES;
				CLANG_WARN_EMPTY_BODY = YES;
				CLANG_WARN_ENUM_CONVERSION = YES;
				CLANG_WARN_INFINITE_RECURSION = YES;
				CLANG_WARN_INT_CONVERSION = YES;
				CLANG_WARN_NON_LITERAL_NULL_CONVERSION = YES;
				CLANG_WARN_OBJC_IMPLICIT_RETAIN_SELF = YES;
				CLANG_WARN_OBJC_LITERAL_CONVERSION = YES;
				CLANG_WARN_OBJC_ROOT_CLASS = YES_ERROR;
				CLANG_WARN_QUOTED_INCLUDE_IN_FRAMEWORK_HEADER = YES;
				CLANG_WARN_RANGE_LOOP_ANALYSIS = YES;
				CLANG_WARN_STRICT_PROTOTYPES = YES;
				CLANG_WARN_SUSPICIOUS_MOVE = YES;
				CLANG_WARN_UNGUARDED_AVAILABILITY = YES_AGGRESSIVE;
				CLANG_WARN_UNREACHABLE_CODE = YES;
				CLANG_WARN__DUPLICATE_METHOD_MATCH = YES;
				COPY_PHASE_STRIP = NO;
				DEBUG_INFORMATION_FORMAT = "dwarf-with-dsym";
				ENABLE_NS_ASSERTIONS = NO;
				ENABLE_STRICT_OBJC_MSGSEND = YES;
				GCC_C_LANGUAGE_STANDARD = gnu11;
				GCC_NO_COMMON_BLOCKS = YES;
				GCC_WARN_64_TO_32_BIT_CONVERSION = YES;
				GCC_WARN_ABOUT_RETURN_TYPE = YES_ERROR;
				GCC_WARN_UNDECLARED_SELECTOR = YES;
				GCC_WARN_UNINITIALIZED_AUTOS = YES_AGGRESSIVE;
				GCC_WARN_UNUSED_FUNCTION = YES;
				GCC_WARN_UNUSED_VARIABLE = YES;
				IPHONEOS_DEPLOYMENT_TARGET = 16.2;
				MTL_ENABLE_DEBUG_INFO = NO;
				MTL_FAST_MATH = YES;
				SDKROOT = iphoneos;
				SWIFT_COMPILATION_MODE = wholemodule;
				SWIFT_OPTIMIZATION_LEVEL = "-O";
				VALIDATE_PRODUCT = YES;
			};
			name = Release;
		};
		F0DC60F729CA467200FCB333 /* Debug */ = {
			isa = XCBuildConfiguration;
			buildSettings = {
				ASSETCATALOG_COMPILER_APPICON_NAME = AppIcon;
				ASSETCATALOG_COMPILER_GLOBAL_ACCENT_COLOR_NAME = AccentColor;
				CODE_SIGN_STYLE = Automatic;
				CURRENT_PROJECT_VERSION = 1;
				DEVELOPMENT_ASSET_PATHS = "\"RickAndMortyApp/Preview Content\"";
				DEVELOPMENT_TEAM = 5T4JPRQCTW;
				ENABLE_PREVIEWS = YES;
				GENERATE_INFOPLIST_FILE = YES;
				INFOPLIST_KEY_UIApplicationSceneManifest_Generation = YES;
				INFOPLIST_KEY_UIApplicationSupportsIndirectInputEvents = YES;
				INFOPLIST_KEY_UILaunchScreen_Generation = YES;
				INFOPLIST_KEY_UISupportedInterfaceOrientations = "UIInterfaceOrientationLandscapeLeft UIInterfaceOrientationLandscapeRight UIInterfaceOrientationPortrait";
				INFOPLIST_KEY_UISupportedInterfaceOrientations_iPad = "UIInterfaceOrientationPortrait UIInterfaceOrientationPortraitUpsideDown";
				LD_RUNPATH_SEARCH_PATHS = (
					"$(inherited)",
					"@executable_path/Frameworks",
				);
				MARKETING_VERSION = 1.0;
				PRODUCT_BUNDLE_IDENTIFIER = com.testing.RickAndMortyApp;
				PRODUCT_NAME = "$(TARGET_NAME)";
				SWIFT_EMIT_LOC_STRINGS = YES;
				SWIFT_VERSION = 5.0;
				TARGETED_DEVICE_FAMILY = "1,2";
			};
			name = Debug;
		};
		F0DC60F829CA467200FCB333 /* Release */ = {
			isa = XCBuildConfiguration;
			buildSettings = {
				ASSETCATALOG_COMPILER_APPICON_NAME = AppIcon;
				ASSETCATALOG_COMPILER_GLOBAL_ACCENT_COLOR_NAME = AccentColor;
				CODE_SIGN_STYLE = Automatic;
				CURRENT_PROJECT_VERSION = 1;
				DEVELOPMENT_ASSET_PATHS = "\"RickAndMortyApp/Preview Content\"";
				DEVELOPMENT_TEAM = 5T4JPRQCTW;
				ENABLE_PREVIEWS = YES;
				GENERATE_INFOPLIST_FILE = YES;
				INFOPLIST_KEY_UIApplicationSceneManifest_Generation = YES;
				INFOPLIST_KEY_UIApplicationSupportsIndirectInputEvents = YES;
				INFOPLIST_KEY_UILaunchScreen_Generation = YES;
				INFOPLIST_KEY_UISupportedInterfaceOrientations = "UIInterfaceOrientationLandscapeLeft UIInterfaceOrientationLandscapeRight UIInterfaceOrientationPortrait";
				INFOPLIST_KEY_UISupportedInterfaceOrientations_iPad = "UIInterfaceOrientationPortrait UIInterfaceOrientationPortraitUpsideDown";
				LD_RUNPATH_SEARCH_PATHS = (
					"$(inherited)",
					"@executable_path/Frameworks",
				);
				MARKETING_VERSION = 1.0;
				PRODUCT_BUNDLE_IDENTIFIER = com.testing.RickAndMortyApp;
				PRODUCT_NAME = "$(TARGET_NAME)";
				SWIFT_EMIT_LOC_STRINGS = YES;
				SWIFT_VERSION = 5.0;
				TARGETED_DEVICE_FAMILY = "1,2";
			};
			name = Release;
		};
/* End XCBuildConfiguration section */

/* Begin XCConfigurationList section */
		F0DC60E329CA467000FCB333 /* Build configuration list for PBXProject "RickAndMortyApp" */ = {
			isa = XCConfigurationList;
			buildConfigurations = (
				F0DC60F429CA467200FCB333 /* Debug */,
				F0DC60F529CA467200FCB333 /* Release */,
			);
			defaultConfigurationIsVisible = 0;
			defaultConfigurationName = Release;
		};
		F0DC60F629CA467200FCB333 /* Build configuration list for PBXNativeTarget "RickAndMortyApp" */ = {
			isa = XCConfigurationList;
			buildConfigurations = (
				F0DC60F729CA467200FCB333 /* Debug */,
				F0DC60F829CA467200FCB333 /* Release */,
			);
			defaultConfigurationIsVisible = 0;
			defaultConfigurationName = Release;
		};
/* End XCConfigurationList section */

/* Begin XCRemoteSwiftPackageReference section */
		F0DC611729CA5C5900FCB333 /* XCRemoteSwiftPackageReference "apollo-ios" */ = {
			isa = XCRemoteSwiftPackageReference;
			repositoryURL = "https://github.com/apollographql/apollo-ios";
			requirement = {
				kind = exactVersion;
				version = 0.43.0;
			};
		};
/* End XCRemoteSwiftPackageReference section */

/* Begin XCSwiftPackageProductDependency section */
		F0DC611829CA5C5900FCB333 /* Apollo */ = {
			isa = XCSwiftPackageProductDependency;
			package = F0DC611729CA5C5900FCB333 /* XCRemoteSwiftPackageReference "apollo-ios" */;
			productName = Apollo;
		};
/* End XCSwiftPackageProductDependency section */
	};
	rootObject = F0DC60E029CA467000FCB333 /* Project object */;
}
